
Microsoft Visual Studio Solution File, Format Version 12.00
# Visual Studio Version 17
VisualStudioVersion = 17.0.32126.317
MinimumVisualStudioVersion = 10.0.40219.1
Project("{FAE04EC0-301F-11D3-BF4B-00C04F79EFBC}") = "BlankTesting", "BlankTesting\BlankTesting.csproj", "{9F0BE6BF-C5C2-42BA-A3E6-01A40686BEC8}"
EndProject
Global
	GlobalSection(SolutionConfigurationPlatforms) = preSolution
		Debug|Any CPU = Debug|Any CPU
		Release|Any CPU = Release|Any CPU
	EndGlobalSection
	GlobalSection(ProjectConfigurationPlatforms) = postSolution
		{9F0BE6BF-C5C2-42BA-A3E6-01A40686BEC8}.Debug|Any CPU.ActiveCfg = Debug|Any CPU
		{9F0BE6BF-C5C2-42BA-A3E6-01A40686BEC8}.Debug|Any CPU.Build.0 = Debug|Any CPU
		{9F0BE6BF-C5C2-42BA-A3E6-01A40686BEC8}.Release|Any CPU.ActiveCfg = Release|Any CPU
		{9F0BE6BF-C5C2-42BA-A3E6-01A40686BEC8}.Release|Any CPU.Build.0 = Release|Any CPU
	EndGlobalSection
	GlobalSection(SolutionProperties) = preSolution
		HideSolutionNode = FALSE
	EndGlobalSection
	GlobalSection(ExtensibilityGlobals) = postSolution
		SolutionGuid = {9F19AE55-8550-4659-8AB5-7B6403EA2F52}
	EndGlobalSection
EndGlobal
