
Microsoft Visual Studio Solution File, Format Version 12.00
# Visual Studio Version 17
VisualStudioVersion = 17.0.32014.148
MinimumVisualStudioVersion = 10.0.40219.1
Project("{FAE04EC0-301F-11D3-BF4B-00C04F79EFBC}") = "ASimpleApp", "ASimpleApp\ASimpleApp.csproj", "{BFF0F723-17DC-4E18-A2F0-A966129B0ABC}"
EndProject
Global
	GlobalSection(SolutionConfigurationPlatforms) = preSolution
		Debug|Any CPU = Debug|Any CPU
		Release|Any CPU = Release|Any CPU
	EndGlobalSection
	GlobalSection(ProjectConfigurationPlatforms) = postSolution
		{BFF0F723-17DC-4E18-A2F0-A966129B0ABC}.Debug|Any CPU.ActiveCfg = Debug|Any CPU
		{BFF0F723-17DC-4E18-A2F0-A966129B0ABC}.Debug|Any CPU.Build.0 = Debug|Any CPU
		{BFF0F723-17DC-4E18-A2F0-A966129B0ABC}.Release|Any CPU.ActiveCfg = Release|Any CPU
		{BFF0F723-17DC-4E18-A2F0-A966129B0ABC}.Release|Any CPU.Build.0 = Release|Any CPU
	EndGlobalSection
	GlobalSection(SolutionProperties) = preSolution
		HideSolutionNode = FALSE
	EndGlobalSection
	GlobalSection(ExtensibilityGlobals) = postSolution
		SolutionGuid = {4FD56CB2-1517-438C-95EF-945F064238A4}
	EndGlobalSection
EndGlobal
