
Microsoft Visual Studio Solution File, Format Version 12.00
# Visual Studio Version 17
VisualStudioVersion = 17.0.32126.317
MinimumVisualStudioVersion = 10.0.40219.1
Project("{FAE04EC0-301F-11D3-BF4B-00C04F79EFBC}") = "Credit_Limit_Calculator", "Credit_Limit_Calculator\Credit_Limit_Calculator.csproj", "{CAB0A828-FDFB-47C7-A5AD-A459D55B9BCF}"
EndProject
Global
	GlobalSection(SolutionConfigurationPlatforms) = preSolution
		Debug|Any CPU = Debug|Any CPU
		Release|Any CPU = Release|Any CPU
	EndGlobalSection
	GlobalSection(ProjectConfigurationPlatforms) = postSolution
		{CAB0A828-FDFB-47C7-A5AD-A459D55B9BCF}.Debug|Any CPU.ActiveCfg = Debug|Any CPU
		{CAB0A828-FDFB-47C7-A5AD-A459D55B9BCF}.Debug|Any CPU.Build.0 = Debug|Any CPU
		{CAB0A828-FDFB-47C7-A5AD-A459D55B9BCF}.Release|Any CPU.ActiveCfg = Release|Any CPU
		{CAB0A828-FDFB-47C7-A5AD-A459D55B9BCF}.Release|Any CPU.Build.0 = Release|Any CPU
	EndGlobalSection
	GlobalSection(SolutionProperties) = preSolution
		HideSolutionNode = FALSE
	EndGlobalSection
	GlobalSection(ExtensibilityGlobals) = postSolution
		SolutionGuid = {CFD3B84C-BCAC-4A04-B5AD-1118E17EA82C}
	EndGlobalSection
EndGlobal
