
Microsoft Visual Studio Solution File, Format Version 12.00
# Visual Studio Version 17
VisualStudioVersion = 17.0.32126.317
MinimumVisualStudioVersion = 10.0.40219.1
Project("{FAE04EC0-301F-11D3-BF4B-00C04F79EFBC}") = "Guess_The_Number_Game", "Guess_The_Number_Game\Guess_The_Number_Game.csproj", "{7B39EB2E-5AB9-4805-B6B1-CB3D461AD52D}"
EndProject
Global
	GlobalSection(SolutionConfigurationPlatforms) = preSolution
		Debug|Any CPU = Debug|Any CPU
		Release|Any CPU = Release|Any CPU
	EndGlobalSection
	GlobalSection(ProjectConfigurationPlatforms) = postSolution
		{7B39EB2E-5AB9-4805-B6B1-CB3D461AD52D}.Debug|Any CPU.ActiveCfg = Debug|Any CPU
		{7B39EB2E-5AB9-4805-B6B1-CB3D461AD52D}.Debug|Any CPU.Build.0 = Debug|Any CPU
		{7B39EB2E-5AB9-4805-B6B1-CB3D461AD52D}.Release|Any CPU.ActiveCfg = Release|Any CPU
		{7B39EB2E-5AB9-4805-B6B1-CB3D461AD52D}.Release|Any CPU.Build.0 = Release|Any CPU
	EndGlobalSection
	GlobalSection(SolutionProperties) = preSolution
		HideSolutionNode = FALSE
	EndGlobalSection
	GlobalSection(ExtensibilityGlobals) = postSolution
		SolutionGuid = {A020305F-3F64-4399-89A9-E47676ED356E}
	EndGlobalSection
EndGlobal
