
Microsoft Visual Studio Solution File, Format Version 12.00
# Visual Studio Version 17
VisualStudioVersion = 17.0.32126.317
MinimumVisualStudioVersion = 10.0.40219.1
Project("{FAE04EC0-301F-11D3-BF4B-00C04F79EFBC}") = "BarChart", "BarChart\BarChart.csproj", "{1265CF67-AD58-47C2-B0EE-0984FFAF7D87}"
EndProject
Global
	GlobalSection(SolutionConfigurationPlatforms) = preSolution
		Debug|Any CPU = Debug|Any CPU
		Release|Any CPU = Release|Any CPU
	EndGlobalSection
	GlobalSection(ProjectConfigurationPlatforms) = postSolution
		{1265CF67-AD58-47C2-B0EE-0984FFAF7D87}.Debug|Any CPU.ActiveCfg = Debug|Any CPU
		{1265CF67-AD58-47C2-B0EE-0984FFAF7D87}.Debug|Any CPU.Build.0 = Debug|Any CPU
		{1265CF67-AD58-47C2-B0EE-0984FFAF7D87}.Release|Any CPU.ActiveCfg = Release|Any CPU
		{1265CF67-AD58-47C2-B0EE-0984FFAF7D87}.Release|Any CPU.Build.0 = Release|Any CPU
	EndGlobalSection
	GlobalSection(SolutionProperties) = preSolution
		HideSolutionNode = FALSE
	EndGlobalSection
	GlobalSection(ExtensibilityGlobals) = postSolution
		SolutionGuid = {5A4F9F62-75AC-42F3-8BB9-F644D1143EEB}
	EndGlobalSection
EndGlobal
