
Microsoft Visual Studio Solution File, Format Version 12.00
# Visual Studio Version 17
VisualStudioVersion = 17.0.32126.317
MinimumVisualStudioVersion = 10.0.40219.1
Project("{FAE04EC0-301F-11D3-BF4B-00C04F79EFBC}") = "Invoice_Objects", "Invoice_Objects\Invoice_Objects.csproj", "{892247B4-2AE1-47D7-9C39-F48A33DD8F55}"
EndProject
Global
	GlobalSection(SolutionConfigurationPlatforms) = preSolution
		Debug|Any CPU = Debug|Any CPU
		Release|Any CPU = Release|Any CPU
	EndGlobalSection
	GlobalSection(ProjectConfigurationPlatforms) = postSolution
		{892247B4-2AE1-47D7-9C39-F48A33DD8F55}.Debug|Any CPU.ActiveCfg = Debug|Any CPU
		{892247B4-2AE1-47D7-9C39-F48A33DD8F55}.Debug|Any CPU.Build.0 = Debug|Any CPU
		{892247B4-2AE1-47D7-9C39-F48A33DD8F55}.Release|Any CPU.ActiveCfg = Release|Any CPU
		{892247B4-2AE1-47D7-9C39-F48A33DD8F55}.Release|Any CPU.Build.0 = Release|Any CPU
	EndGlobalSection
	GlobalSection(SolutionProperties) = preSolution
		HideSolutionNode = FALSE
	EndGlobalSection
	GlobalSection(ExtensibilityGlobals) = postSolution
		SolutionGuid = {E9414785-C3FD-440A-80AB-48777C4893AA}
	EndGlobalSection
EndGlobal
