
Microsoft Visual Studio Solution File, Format Version 12.00
# Visual Studio Version 17
VisualStudioVersion = 17.0.32126.317
MinimumVisualStudioVersion = 10.0.40219.1
Project("{FAE04EC0-301F-11D3-BF4B-00C04F79EFBC}") = "Dice_Rolling", "Dice_Rolling\Dice_Rolling.csproj", "{A776D552-A4DB-46E3-9543-3DA8AD488247}"
EndProject
Global
	GlobalSection(SolutionConfigurationPlatforms) = preSolution
		Debug|Any CPU = Debug|Any CPU
		Release|Any CPU = Release|Any CPU
	EndGlobalSection
	GlobalSection(ProjectConfigurationPlatforms) = postSolution
		{A776D552-A4DB-46E3-9543-3DA8AD488247}.Debug|Any CPU.ActiveCfg = Debug|Any CPU
		{A776D552-A4DB-46E3-9543-3DA8AD488247}.Debug|Any CPU.Build.0 = Debug|Any CPU
		{A776D552-A4DB-46E3-9543-3DA8AD488247}.Release|Any CPU.ActiveCfg = Release|Any CPU
		{A776D552-A4DB-46E3-9543-3DA8AD488247}.Release|Any CPU.Build.0 = Release|Any CPU
	EndGlobalSection
	GlobalSection(SolutionProperties) = preSolution
		HideSolutionNode = FALSE
	EndGlobalSection
	GlobalSection(ExtensibilityGlobals) = postSolution
		SolutionGuid = {84DF4033-A600-494B-8C59-58E125B6058F}
	EndGlobalSection
EndGlobal
