
Microsoft Visual Studio Solution File, Format Version 12.00
# Visual Studio Version 17
VisualStudioVersion = 17.0.32126.317
MinimumVisualStudioVersion = 10.0.40219.1
Project("{FAE04EC0-301F-11D3-BF4B-00C04F79EFBC}") = "Chapter6Ex17", "Chapter6Ex17\Chapter6Ex17.csproj", "{0136D353-5EB4-4AFA-A132-C3D88D435111}"
EndProject
Global
	GlobalSection(SolutionConfigurationPlatforms) = preSolution
		Debug|Any CPU = Debug|Any CPU
		Release|Any CPU = Release|Any CPU
	EndGlobalSection
	GlobalSection(ProjectConfigurationPlatforms) = postSolution
		{0136D353-5EB4-4AFA-A132-C3D88D435111}.Debug|Any CPU.ActiveCfg = Debug|Any CPU
		{0136D353-5EB4-4AFA-A132-C3D88D435111}.Debug|Any CPU.Build.0 = Debug|Any CPU
		{0136D353-5EB4-4AFA-A132-C3D88D435111}.Release|Any CPU.ActiveCfg = Release|Any CPU
		{0136D353-5EB4-4AFA-A132-C3D88D435111}.Release|Any CPU.Build.0 = Release|Any CPU
	EndGlobalSection
	GlobalSection(SolutionProperties) = preSolution
		HideSolutionNode = FALSE
	EndGlobalSection
	GlobalSection(ExtensibilityGlobals) = postSolution
		SolutionGuid = {40DC2609-BA4D-49A3-B7CD-6B56EC70F99D}
	EndGlobalSection
EndGlobal
